
Microsoft Visual Studio Solution File, Format Version 12.00
# Visual Studio 15
VisualStudioVersion = 15.0.28307.271
MinimumVisualStudioVersion = 10.0.40219.1
Project("{9A19103F-16F7-4668-BE54-9A1E7A4F7556}") = "KLabFunctions", "KLabFunctions\KLabFunctions.csproj", "{A63A80FF-C4B1-4A49-9CC2-E92AC67040A3}"
EndProject
Global
	GlobalSection(SolutionConfigurationPlatforms) = preSolution
		Debug|Any CPU = Debug|Any CPU
		Release|Any CPU = Release|Any CPU
	EndGlobalSection
	GlobalSection(ProjectConfigurationPlatforms) = postSolution
		{A63A80FF-C4B1-4A49-9CC2-E92AC67040A3}.Debug|Any CPU.ActiveCfg = Debug|Any CPU
		{A63A80FF-C4B1-4A49-9CC2-E92AC67040A3}.Debug|Any CPU.Build.0 = Debug|Any CPU
		{A63A80FF-C4B1-4A49-9CC2-E92AC67040A3}.Release|Any CPU.ActiveCfg = Release|Any CPU
		{A63A80FF-C4B1-4A49-9CC2-E92AC67040A3}.Release|Any CPU.Build.0 = Release|Any CPU
	EndGlobalSection
	GlobalSection(SolutionProperties) = preSolution
		HideSolutionNode = FALSE
	EndGlobalSection
	GlobalSection(ExtensibilityGlobals) = postSolution
		SolutionGuid = {6B54A1C5-3C8D-4DC7-ADDF-FD45CAD94789}
	EndGlobalSection
EndGlobal
